{
  "name": "doc",
  "lockfileVersion": 3,
  "requires": true,
  "packages": {
    "": {
      "dependencies": {
        "oh-my-opencode-linux-x64": "^3.0.1"
      }
    },
    "node_modules/oh-my-opencode-linux-x64": {
      "version": "3.0.1",
      "resolved": "https://registry.npmmirror.com/oh-my-opencode-linux-x64/-/oh-my-opencode-linux-x64-3.0.1.tgz",
      "integrity": "sha512-1BOV1EnKa5BErhZmWiddnbriHwm1KFrPr+0BUCDdFX/d/hrMAJTo1733zaEnvKuXzvrdHSp/VznXheeUI1VjkA==",
      "cpu": [
        "x64"
      ],
      "os": [
        "linux"
      ],
      "bin": {
        "oh-my-opencode": "bin/oh-my-opencode"
      }
    }
  }
}
